
Microsoft Visual Studio Solution File, Format Version 12.00
# Visual Studio Version 16
VisualStudioVersion = 16.0.29123.88
MinimumVisualStudioVersion = 10.0.40219.1
Project("{9A19103F-16F7-4668-BE54-9A1E7A4F7556}") = "DemoPetShop", "DemoPetShop\DemoPetShop.csproj", "{1AE01A84-771A-40E4-BDEA-1F91C5CFFA1D}"
EndProject
Project("{9A19103F-16F7-4668-BE54-9A1E7A4F7556}") = "DemoPetShop.Domain", "DemoPetShop.Domain\DemoPetShop.Domain.csproj", "{0E7DC1AB-C394-42F2-AB63-B944FBC14B88}"
EndProject
Project("{9A19103F-16F7-4668-BE54-9A1E7A4F7556}") = "DemoPetShop.Repository", "DemoPetShop.Repository\DemoPetShop.Repository.csproj", "{8E0F52A3-8E03-41EF-B3C5-F2855A5645D2}"
EndProject
Project("{FAE04EC0-301F-11D3-BF4B-00C04F79EFBC}") = "DemoPetShop.Services", "DemoPetShop.Services\DemoPetShop.Services.csproj", "{28D8994E-417F-4516-8B3C-974E362B8EE5}"
EndProject
Global
	GlobalSection(SolutionConfigurationPlatforms) = preSolution
		Debug|Any CPU = Debug|Any CPU
		Release|Any CPU = Release|Any CPU
	EndGlobalSection
	GlobalSection(ProjectConfigurationPlatforms) = postSolution
		{1AE01A84-771A-40E4-BDEA-1F91C5CFFA1D}.Debug|Any CPU.ActiveCfg = Debug|Any CPU
		{1AE01A84-771A-40E4-BDEA-1F91C5CFFA1D}.Debug|Any CPU.Build.0 = Debug|Any CPU
		{1AE01A84-771A-40E4-BDEA-1F91C5CFFA1D}.Release|Any CPU.ActiveCfg = Release|Any CPU
		{1AE01A84-771A-40E4-BDEA-1F91C5CFFA1D}.Release|Any CPU.Build.0 = Release|Any CPU
		{0E7DC1AB-C394-42F2-AB63-B944FBC14B88}.Debug|Any CPU.ActiveCfg = Debug|Any CPU
		{0E7DC1AB-C394-42F2-AB63-B944FBC14B88}.Debug|Any CPU.Build.0 = Debug|Any CPU
		{0E7DC1AB-C394-42F2-AB63-B944FBC14B88}.Release|Any CPU.ActiveCfg = Release|Any CPU
		{0E7DC1AB-C394-42F2-AB63-B944FBC14B88}.Release|Any CPU.Build.0 = Release|Any CPU
		{8E0F52A3-8E03-41EF-B3C5-F2855A5645D2}.Debug|Any CPU.ActiveCfg = Debug|Any CPU
		{8E0F52A3-8E03-41EF-B3C5-F2855A5645D2}.Debug|Any CPU.Build.0 = Debug|Any CPU
		{8E0F52A3-8E03-41EF-B3C5-F2855A5645D2}.Release|Any CPU.ActiveCfg = Release|Any CPU
		{8E0F52A3-8E03-41EF-B3C5-F2855A5645D2}.Release|Any CPU.Build.0 = Release|Any CPU
		{28D8994E-417F-4516-8B3C-974E362B8EE5}.Debug|Any CPU.ActiveCfg = Debug|Any CPU
		{28D8994E-417F-4516-8B3C-974E362B8EE5}.Debug|Any CPU.Build.0 = Debug|Any CPU
		{28D8994E-417F-4516-8B3C-974E362B8EE5}.Release|Any CPU.ActiveCfg = Release|Any CPU
		{28D8994E-417F-4516-8B3C-974E362B8EE5}.Release|Any CPU.Build.0 = Release|Any CPU
	EndGlobalSection
	GlobalSection(SolutionProperties) = preSolution
		HideSolutionNode = FALSE
	EndGlobalSection
	GlobalSection(ExtensibilityGlobals) = postSolution
		SolutionGuid = {574DBAED-6BAC-43BA-922E-52C4212D9538}
	EndGlobalSection
EndGlobal
